
Microsoft Visual Studio Solution File, Format Version 12.00
# Visual Studio Version 16
VisualStudioVersion = 16.0.31402.337
MinimumVisualStudioVersion = 10.0.40219.1
Project("{FAE04EC0-301F-11D3-BF4B-00C04F79EFBC}") = "ExercicioPropostoPolimorfismoUm", "ExercicioPropostoPolimorfismoUm\ExercicioPropostoPolimorfismoUm.csproj", "{4856D77A-7799-479F-A31F-BE417C3B3DBE}"
EndProject
Global
	GlobalSection(SolutionConfigurationPlatforms) = preSolution
		Debug|Any CPU = Debug|Any CPU
		Release|Any CPU = Release|Any CPU
	EndGlobalSection
	GlobalSection(ProjectConfigurationPlatforms) = postSolution
		{4856D77A-7799-479F-A31F-BE417C3B3DBE}.Debug|Any CPU.ActiveCfg = Debug|Any CPU
		{4856D77A-7799-479F-A31F-BE417C3B3DBE}.Debug|Any CPU.Build.0 = Debug|Any CPU
		{4856D77A-7799-479F-A31F-BE417C3B3DBE}.Release|Any CPU.ActiveCfg = Release|Any CPU
		{4856D77A-7799-479F-A31F-BE417C3B3DBE}.Release|Any CPU.Build.0 = Release|Any CPU
	EndGlobalSection
	GlobalSection(SolutionProperties) = preSolution
		HideSolutionNode = FALSE
	EndGlobalSection
	GlobalSection(ExtensibilityGlobals) = postSolution
		SolutionGuid = {D898E77C-F23C-4814-9AAF-6E1FF177AB87}
	EndGlobalSection
EndGlobal
